
Microsoft Visual Studio Solution File, Format Version 12.00
# Visual Studio Version 17
VisualStudioVersion = 17.2.32630.192
MinimumVisualStudioVersion = 10.0.40219.1
Project("{FAE04EC0-301F-11D3-BF4B-00C04F79EFBC}") = "appWebPortafolioZeta", "appWebPortafolioZeta\appWebPortafolioZeta.csproj", "{56775786-D603-47B3-8DC5-72246E85E6C8}"
EndProject
Global
	GlobalSection(SolutionConfigurationPlatforms) = preSolution
		Debug|Any CPU = Debug|Any CPU
		Release|Any CPU = Release|Any CPU
	EndGlobalSection
	GlobalSection(ProjectConfigurationPlatforms) = postSolution
		{56775786-D603-47B3-8DC5-72246E85E6C8}.Debug|Any CPU.ActiveCfg = Debug|Any CPU
		{56775786-D603-47B3-8DC5-72246E85E6C8}.Debug|Any CPU.Build.0 = Debug|Any CPU
		{56775786-D603-47B3-8DC5-72246E85E6C8}.Release|Any CPU.ActiveCfg = Release|Any CPU
		{56775786-D603-47B3-8DC5-72246E85E6C8}.Release|Any CPU.Build.0 = Release|Any CPU
	EndGlobalSection
	GlobalSection(SolutionProperties) = preSolution
		HideSolutionNode = FALSE
	EndGlobalSection
	GlobalSection(ExtensibilityGlobals) = postSolution
		SolutionGuid = {5C14B430-EDD1-48FA-97FD-15E9C47FCAB2}
	EndGlobalSection
EndGlobal
